{
  "version": "2",
  "remote": {
    "https://cdn.jsdelivr.net/npm/lodash@4.17/+esm": "07e0ae05af2ed9dc45091d1d44640be6b7b2d39a5a2bfe485a36e069c67f312d",
    "https://deno.land/std@0.148.0/_util/assert.ts": "e94f2eb37cebd7f199952e242c77654e43333c1ac4c5c700e929ea3aa5489f74",
    "https://deno.land/std@0.148.0/_util/os.ts": "3b4c6e27febd119d36a416d7a97bd3b0251b77c88942c8f16ee5953ea13e2e49",
    "https://deno.land/std@0.148.0/async/abortable.ts": "87aa7230be8360c24ad437212311c9e8d4328854baec27b4c7abb26e85515c06",
    "https://deno.land/std@0.148.0/async/deadline.ts": "48ac998d7564969f3e6ec6b6f9bf0217ebd00239b1b2292feba61272d5dd58d0",
    "https://deno.land/std@0.148.0/async/debounce.ts": "564273ef242bcfcda19a439132f940db8694173abffc159ea34f07d18fc42620",
    "https://deno.land/std@0.148.0/async/deferred.ts": "bc18e28108252c9f67dfca2bbc4587c3cbf3aeb6e155f8c864ca8ecff992b98a",
    "https://deno.land/std@0.148.0/async/delay.ts": "cbbdf1c87d1aed8edc7bae13592fb3e27e3106e0748f089c263390d4f49e5f6c",
    "https://deno.land/std@0.148.0/async/mod.ts": "9852cd8ed897ab2d41a8fbee611d574e97898327db5c19d9d58e41126473f02c",
    "https://deno.land/std@0.148.0/async/mux_async_iterator.ts": "5b4aca6781ad0f2e19ccdf1d1a1c092ccd3e00d52050d9c27c772658c8367256",
    "https://deno.land/std@0.148.0/async/pool.ts": "ef9eb97b388543acbf0ac32647121e4dbe629236899586c4d4311a8770fbb239",
    "https://deno.land/std@0.148.0/async/tee.ts": "bcfae0017ebb718cf4eef9e2420e8675d91cb1bcc0ed9b668681af6e6caad846",
    "https://deno.land/std@0.148.0/bytes/bytes_list.ts": "aba5e2369e77d426b10af1de0dcc4531acecec27f9b9056f4f7bfbf8ac147ab4",
    "https://deno.land/std@0.148.0/bytes/equals.ts": "3c3558c3ae85526f84510aa2b48ab2ad7bdd899e2e0f5b7a8ffc85acb3a6043a",
    "https://deno.land/std@0.148.0/bytes/mod.ts": "763f97d33051cc3f28af1a688dfe2830841192a9fea0cbaa55f927b49d49d0bf",
    "https://deno.land/std@0.148.0/encoding/base64.ts": "c8c16b4adaa60d7a8eee047c73ece26844435e8f7f1328d74593dbb2dd58ea4f",
    "https://deno.land/std@0.148.0/encoding/base64url.ts": "0f25223d77ddc3133590cd7136fb6ca0a7754008131ef8cc8a2240566e8a3fba",
    "https://deno.land/std@0.148.0/fmt/colors.ts": "6f9340b7fb8cc25a993a99e5efc56fe81bb5af284ff412129dd06df06f53c0b4",
    "https://deno.land/std@0.148.0/fmt/printf.ts": "e2c0f72146aed1efecf0c39ab928b26ae493a2278f670a871a0fbdcf36ff3379",
    "https://deno.land/std@0.148.0/io/buffer.ts": "bd0c4bf53db4b4be916ca5963e454bddfd3fcd45039041ea161dbf826817822b",
    "https://deno.land/std@0.148.0/io/types.d.ts": "0cae3a62da7a37043661746c65c021058bae020b54e50c0e774916e5d4baee43",
    "https://deno.land/std@0.148.0/node/_buffer.d.ts": "90f674081428a61978b6d481c5f557ff743a3f4a85d7ae113caab48fdf5b8a63",
    "https://deno.land/std@0.148.0/node/_buffer.mjs": "4e3e6b0f0613300340705a99a1998c655ba22bf08644c49df21f4aaa44e951d0",
    "https://deno.land/std@0.148.0/node/_core.ts": "568d277be2e086af996cbdd599fec569f5280e9a494335ca23ad392b130d7bb9",
    "https://deno.land/std@0.148.0/node/_events.d.ts": "5b6d1a7931eb692d3b64018e7a3f57310284d3bf467aa2e6371c65bb626c1859",
    "https://deno.land/std@0.148.0/node/_events.mjs": "a87d6bc0e2a139ce1bb89e56fe36969dc960c1af70b6d5fafaab8782659c57a0",
    "https://deno.land/std@0.148.0/node/_next_tick.ts": "3546559be2b353208f8b10df81c6d9c26c045fa4ea811926f6596f2dc6b1b0b1",
    "https://deno.land/std@0.148.0/node/_process/exiting.ts": "bc9694769139ffc596f962087155a8bfef10101d03423b9dcbc51ce6e1f88fce",
    "https://deno.land/std@0.148.0/node/_util/_util_callbackify.ts": "79928ad80df3e469f7dcdb198118a7436d18a9f6c08bd7a4382332ad25a718cf",
    "https://deno.land/std@0.148.0/node/_utils.ts": "facb40140c9f1e6f23a047071a0d7e00f2be32afe5a7f063f7e55b1bd83f6488",
    "https://deno.land/std@0.148.0/node/buffer.ts": "fbecbf3f237fa49bec96e97ecf56a7b92d48037b3d11219288e68943cc921600",
    "https://deno.land/std@0.148.0/node/events.ts": "a1d40fc0dbccc944379ef968b80ea08f9fce579e88b5057fdb64e4f0812476dd",
    "https://deno.land/std@0.148.0/node/internal/buffer.mjs": "6662fe7fe517329453545be34cea27a24f8ccd6d09afd4f609f11ade2b6dfca7",
    "https://deno.land/std@0.148.0/node/internal/crypto/_keys.ts": "7f993ece8c8e94a292944518cf4173521c6bf01785e75be014cd45a9cc2e4ad5",
    "https://deno.land/std@0.148.0/node/internal/crypto/constants.ts": "d2c8821977aef55e4d66414d623c24a2447791a8b49b6404b8db32d81e20c315",
    "https://deno.land/std@0.148.0/node/internal/error_codes.ts": "ac03c4eae33de3a69d6c98e8678003207eecf75a6900eb847e3fea3c8c9e6d8f",
    "https://deno.land/std@0.148.0/node/internal/errors.ts": "fe669a2482099ddd2d5c9d76a8971b5fb47d7a4c6a98c7f3ef9f366bf10e1998",
    "https://deno.land/std@0.148.0/node/internal/fixed_queue.ts": "455b3c484de48e810b13bdf95cd1658ecb1ba6bcb8b9315ffe994efcde3ba5f5",
    "https://deno.land/std@0.148.0/node/internal/hide_stack_frames.ts": "a91962ec84610bc7ec86022c4593cdf688156a5910c07b5bcd71994225c13a03",
    "https://deno.land/std@0.148.0/node/internal/normalize_encoding.mjs": "3779ec8a7adf5d963b0224f9b85d1bc974a2ec2db0e858396b5d3c2c92138a0a",
    "https://deno.land/std@0.148.0/node/internal/util.mjs": "2f0c8ff553c175ea6e4ed13d7cd7cd6b86dc093dc2f783c6c3dfc63f60a0943e",
    "https://deno.land/std@0.148.0/node/internal/util/comparisons.ts": "666e75e01a85b5d3410e43625ab9fc165811439aa1298c14054acb64b670dc48",
    "https://deno.land/std@0.148.0/node/internal/util/debuglog.ts": "6f12a764f5379e9d2675395d15d2fb48bd7376921ef64006ffb022fc7f44ab82",
    "https://deno.land/std@0.148.0/node/internal/util/inspect.mjs": "40f8876aded1f1a42d2335eecc9ba45e8eb2a9a05bffb200e51a18afded1c791",
    "https://deno.land/std@0.148.0/node/internal/util/types.ts": "bc2d35582946525f6068b678bb798e2a10298fefeefd3cb9b85f6bdc9014da16",
    "https://deno.land/std@0.148.0/node/internal/validators.mjs": "a7e82eafb7deb85c332d5f8d9ffef052f46a42d4a121eada4a54232451acc49a",
    "https://deno.land/std@0.148.0/node/internal_binding/_libuv_winerror.ts": "801e05c2742ae6cd42a5f0fd555a255a7308a65732551e962e5345f55eedc519",
    "https://deno.land/std@0.148.0/node/internal_binding/_node.ts": "e4075ba8a37aef4eb5b592c8e3807c39cb49ca8653faf8e01a43421938076c1b",
    "https://deno.land/std@0.148.0/node/internal_binding/_utils.ts": "1c50883b5751a9ea1b38951e62ed63bacfdc9d69ea665292edfa28e1b1c5bd94",
    "https://deno.land/std@0.148.0/node/internal_binding/_winerror.ts": "8811d4be66f918c165370b619259c1f35e8c3e458b8539db64c704fbde0a7cd2",
    "https://deno.land/std@0.148.0/node/internal_binding/buffer.ts": "781e1d13adc924864e6e37ecb5152e8a4e994cf394695136e451c47f00bda76c",
    "https://deno.land/std@0.148.0/node/internal_binding/constants.ts": "f4afc504137fb21f3908ab549931604968dfa62432b285a0874f41c4cade9ed2",
    "https://deno.land/std@0.148.0/node/internal_binding/string_decoder.ts": "5cb1863763d1e9b458bc21d6f976f16d9c18b3b3f57eaf0ade120aee38fba227",
    "https://deno.land/std@0.148.0/node/internal_binding/types.ts": "4c26fb74ba2e45de553c15014c916df6789529a93171e450d5afb016b4c765e7",
    "https://deno.land/std@0.148.0/node/internal_binding/util.ts": "faf5146c3cc3b2d6c26026a818b4a16e91488ab26e63c069f36ba3c3ae24c97b",
    "https://deno.land/std@0.148.0/node/internal_binding/uv.ts": "aa1db842936e77654522d9136bb2ae191bf334423f58962a8a7404b6635b5b49",
    "https://deno.land/std@0.148.0/node/util.ts": "3c312dae662b0973bdf86f95211f57b65cc07e128e7460b52536f71c4ba379a0",
    "https://deno.land/std@0.148.0/node/util/types.ts": "f9288198cacd374b41bae7e92a23179d3160f4c0eaf14e19be3a4e7057219a60",
    "https://deno.land/std@0.148.0/streams/conversion.ts": "fc3db02026183da795fa32ac7549868e9f19c75ba029d4b4c3739af62b48517a",
    "https://deno.land/std@0.148.0/testing/_diff.ts": "029a00560b0d534bc0046f1bce4bd36b3b41ada3f2a3178c85686eb2ff5f1413",
    "https://deno.land/std@0.148.0/testing/_format.ts": "0d8dc79eab15b67cdc532826213bbe05bccfd276ca473a50a3fc7bbfb7260642",
    "https://deno.land/std@0.148.0/testing/asserts.ts": "c17254748504f449c98476b78f4d206ca47cffc826e415026f09d7600c19535e",
    "https://deno.land/x/discord_api_types@0.33.0/gateway/common.ts": "150447e705aed34b356a306274f83370c89b17c6e00df24dc6b430612a046c1a",
    "https://deno.land/x/discord_api_types@0.33.0/gateway/v10.ts": "194166d3504e0392d29a6dc74f71206b844de1845f6a2e37a680a33c7778c56c",
    "https://deno.land/x/discord_api_types@0.33.0/gateway/v8.ts": "d85da3fc2b4cd371cb7848a0879d190f9d9eee512fd907963807318ba9c3844a",
    "https://deno.land/x/discord_api_types@0.33.0/globals.ts": "41af20aa360cbe5bfe47d4b68a2e7f9cf0bd3fd8b0e35996a40425c3b7438a3c",
    "https://deno.land/x/discord_api_types@0.33.0/payloads/common.ts": "2aae71390ebffd8915f623eb63bc85490f65696c15a72244441cf462e9063d30",
    "https://deno.land/x/discord_api_types@0.33.0/payloads/v10/_interactions/_applicationCommands/_chatInput/attachment.ts": "2d1749a0154a0c6d679c82043ab578883a6c80c0e1d705b9d3f0fe8ab0fe6f7e",
    "https://deno.land/x/discord_api_types@0.33.0/payloads/v10/_interactions/_applicationCommands/_chatInput/base.ts": "12bbac2df9a7ecf2421c3487a0c97fdad1d9fa3e21758b4f07bfc6d7783cc718",
    "https://deno.land/x/discord_api_types@0.33.0/payloads/v10/_interactions/_applicationCommands/_chatInput/boolean.ts": "65e29561b61785ca4ede4b1b4a88c5fc0696cfdf1fa74d5197588c196ee7ae98",
    "https://deno.land/x/discord_api_types@0.33.0/payloads/v10/_interactions/_applicationCommands/_chatInput/channel.ts": "240849fada5b367d586bd800314c5f8438761532b1d34226df20f7047aecea36",
    "https://deno.land/x/discord_api_types@0.33.0/payloads/v10/_interactions/_applicationCommands/_chatInput/integer.ts": "cd27a772c1d00395ae26e617e7f3419cf11a0b75105e6ede22067cf50811ca53",
    "https://deno.land/x/discord_api_types@0.33.0/payloads/v10/_interactions/_applicationCommands/_chatInput/mentionable.ts": "406c8ebb981cc691607caf1d841d989abbd5b15f779a5f1f8aab273926d92b74",
    "https://deno.land/x/discord_api_types@0.33.0/payloads/v10/_interactions/_applicationCommands/_chatInput/number.ts": "8a9ba60708653cff56ed874970d7ecd5c1ce194ea98c9532f2d3b2861b362c10",
    "https://deno.land/x/discord_api_types@0.33.0/payloads/v10/_interactions/_applicationCommands/_chatInput/role.ts": "af60bd57e215373dbb08350304987fc1cc472d3bb1e0656f95de2d8bdb5399c8",
    "https://deno.land/x/discord_api_types@0.33.0/payloads/v10/_interactions/_applicationCommands/_chatInput/shared.ts": "9e2d3b3530280f6de5f9b6de1bb81e8a905998e058f784a9b041e48a96cd93d2",
    "https://deno.land/x/discord_api_types@0.33.0/payloads/v10/_interactions/_applicationCommands/_chatInput/string.ts": "a03f413086bf1c4efce01dfff01af4b821e2962b1a9591d02edd38602a8c8c19",
    "https://deno.land/x/discord_api_types@0.33.0/payloads/v10/_interactions/_applicationCommands/_chatInput/subcommand.ts": "265a3b433d7635bfbeca8a1aef9c19de63c349da43c56d93ac52f1a352909a4f",
    "https://deno.land/x/discord_api_types@0.33.0/payloads/v10/_interactions/_applicationCommands/_chatInput/subcommandGroup.ts": "db5cc701bcb3d68c094de409da39c9a2b8834dc0d5038e5f963c96e5eaf412ac",
    "https://deno.land/x/discord_api_types@0.33.0/payloads/v10/_interactions/_applicationCommands/_chatInput/user.ts": "ba058577256522aa72ff14e2ad0851ae6029be282f1b3ad39e772189626a3646",
    "https://deno.land/x/discord_api_types@0.33.0/payloads/v10/_interactions/_applicationCommands/chatInput.ts": "d7495ab7aabda5f7b656f6999881d36bed3dac104aef67dd52c3f86d38ad78fe",
    "https://deno.land/x/discord_api_types@0.33.0/payloads/v10/_interactions/_applicationCommands/contextMenu.ts": "390e3cffc4cf9b3f6884ffbf1154338db10adc3a5740df6e300f6204944365a3",
    "https://deno.land/x/discord_api_types@0.33.0/payloads/v10/_interactions/_applicationCommands/internals.ts": "5eb5ea13a1247c73c0611886dea09ab8d632a9c5555ff0f33d44cd379fd75a08",
    "https://deno.land/x/discord_api_types@0.33.0/payloads/v10/_interactions/_applicationCommands/permissions.ts": "5662341f1d16d45cb32057cc5011315c9015cfd35677069c3f09e75ac3058e7e",
    "https://deno.land/x/discord_api_types@0.33.0/payloads/v10/_interactions/applicationCommands.ts": "ff5381dd1f0fcd12dec6216596d0526546e0e4e9ed18acc826f1f44f82968e9e",
    "https://deno.land/x/discord_api_types@0.33.0/payloads/v10/_interactions/autocomplete.ts": "821ae50ff9845cac4b03169dbd4c4b187d8399765eb1f0d658d477c68e4c6136",
    "https://deno.land/x/discord_api_types@0.33.0/payloads/v10/_interactions/base.ts": "16c546d9cc3ba331eecd8ca87b79cb4cb62773193a53b28641193d0e92318bf4",
    "https://deno.land/x/discord_api_types@0.33.0/payloads/v10/_interactions/messageComponents.ts": "58bb79e68e4fda4d62617d69f77fdda453cf2c0d2b43bd236f0be4943467fd96",
    "https://deno.land/x/discord_api_types@0.33.0/payloads/v10/_interactions/modalSubmit.ts": "c838a3401a229fe0d919b92474d0536941c067e0e25263d4c74a0ae21c23b38e",
    "https://deno.land/x/discord_api_types@0.33.0/payloads/v10/_interactions/ping.ts": "096ce582e9af373649fd5355cccd7424adceaffb73367b5301f1594ef5a3c264",
    "https://deno.land/x/discord_api_types@0.33.0/payloads/v10/_interactions/responses.ts": "7c3e747b6d8ac612a2201b73303614ffb89153132db63dc6ebf990a8d6fb67c3",
    "https://deno.land/x/discord_api_types@0.33.0/payloads/v10/application.ts": "59e66568c9833bde3f0c6707d888fc5f827ce7df78a83f3f8c1d13c139567e4a",
    "https://deno.land/x/discord_api_types@0.33.0/payloads/v10/auditLog.ts": "3b7265e0f2ae2c36e00a7573952a6c84299685329b13603370ae8c569b4c8405",
    "https://deno.land/x/discord_api_types@0.33.0/payloads/v10/channel.ts": "6b5cd23c98a6c7a49b4c342111f87a31868a0a1f4a61076bda4775ff3f9fcbe9",
    "https://deno.land/x/discord_api_types@0.33.0/payloads/v10/emoji.ts": "f08356a5bce18c4c58745f6bfb2674c6b4afa8c0b28cdbcf6e839c82d8daee0a",
    "https://deno.land/x/discord_api_types@0.33.0/payloads/v10/gateway.ts": "ae645547c08db4a69ea7b14e28b3e2993eecbb262c3f7d84b41f184eaece0fac",
    "https://deno.land/x/discord_api_types@0.33.0/payloads/v10/guild.ts": "ff4787c15e9debaef9390e164d17e5976c0fdf96e8277f6f920736a0a5913d69",
    "https://deno.land/x/discord_api_types@0.33.0/payloads/v10/guildScheduledEvent.ts": "a9784f2eabc0da60cdb6d2fbf3afc448825689c2f4f7df043bbe0624ad38bc3b",
    "https://deno.land/x/discord_api_types@0.33.0/payloads/v10/interactions.ts": "17dabe94016dad3d0d7fdc0aa812bf5b0b366465dd72cd0b01168880778cc60d",
    "https://deno.land/x/discord_api_types@0.33.0/payloads/v10/invite.ts": "39863eb358663aa2f6a584fd9f543b6ae2b7578c733b58dea7e24bc35c0adf17",
    "https://deno.land/x/discord_api_types@0.33.0/payloads/v10/mod.ts": "8374ebf69cfea2b78c1b52985898d9f5a36b08c6b1286a2f888fcadfb5afdf88",
    "https://deno.land/x/discord_api_types@0.33.0/payloads/v10/oauth2.ts": "ce8e81bf85cd9e8dfca47e1e5e36118bd5159dd9ad7e64fb895bcc25507d4a23",
    "https://deno.land/x/discord_api_types@0.33.0/payloads/v10/permissions.ts": "ba8ae17d3179c48d05eec00df3292300c6151955d3637e575a846bc059909b56",
    "https://deno.land/x/discord_api_types@0.33.0/payloads/v10/stageInstance.ts": "bf438822088d1cf6ee86a7811548a1403ad020bb68af1db3f2769f3259fb189c",
    "https://deno.land/x/discord_api_types@0.33.0/payloads/v10/sticker.ts": "943ded042bf68470d5e0d913ee09c2f51f0eee9c77e68cf54517c1ff3308d002",
    "https://deno.land/x/discord_api_types@0.33.0/payloads/v10/teams.ts": "dd7dba4866577b14c088f7cf2c9bf1f6a2f9977f8b6576a60def6e61a8c310de",
    "https://deno.land/x/discord_api_types@0.33.0/payloads/v10/template.ts": "8fc52e6377f429a3669ec637cedf5ffcbe7de53c60e19aa23f65c5b815941d1f",
    "https://deno.land/x/discord_api_types@0.33.0/payloads/v10/user.ts": "956af6c3502c871a55de5544a42fd8ba328230bf107a26ff484e82d40fe79ae2",
    "https://deno.land/x/discord_api_types@0.33.0/payloads/v10/voice.ts": "f06e63ce92a3f2168d002a3ea48c22923abde7367f6c176e69259cd5a318be67",
    "https://deno.land/x/discord_api_types@0.33.0/payloads/v10/webhook.ts": "b28b6e5077a24ce7c090ca8f97167f76a577c32bb720810a04118cc7cb7fe842",
    "https://deno.land/x/discord_api_types@0.33.0/payloads/v8/_interactions/_applicationCommands/_chatInput/attachment.ts": "165ae099ab8892b166828aff0f277cc1aed1886bb74e87d3f6a0f59322b51857",
    "https://deno.land/x/discord_api_types@0.33.0/payloads/v8/_interactions/_applicationCommands/_chatInput/base.ts": "b103d40183ebe8f2f68c66a24292a2960d797bec706de43621c4b0705bb095fc",
    "https://deno.land/x/discord_api_types@0.33.0/payloads/v8/_interactions/_applicationCommands/_chatInput/boolean.ts": "ff2a06c18ad4b43d45cece377d1bfbccb8a379b9716e2ba8b1706e00c31ea483",
    "https://deno.land/x/discord_api_types@0.33.0/payloads/v8/_interactions/_applicationCommands/_chatInput/channel.ts": "fca0b28fa509453ae8ba53103137deb7d14d1d7c5315feb0702fcb35d5322fb6",
    "https://deno.land/x/discord_api_types@0.33.0/payloads/v8/_interactions/_applicationCommands/_chatInput/integer.ts": "2140540872ddf67e16e4c25cb0f009fdda58467c2258497ab2049a254aea6016",
    "https://deno.land/x/discord_api_types@0.33.0/payloads/v8/_interactions/_applicationCommands/_chatInput/mentionable.ts": "94caf35454f10cf3c82cd553af15f82a859dac8c2c3a4caf47308824b4ebd329",
    "https://deno.land/x/discord_api_types@0.33.0/payloads/v8/_interactions/_applicationCommands/_chatInput/number.ts": "c148cd2c7f9bce9e9eca5bbf504e37672ab81c7622da82d29fb7d628ca011ac7",
    "https://deno.land/x/discord_api_types@0.33.0/payloads/v8/_interactions/_applicationCommands/_chatInput/role.ts": "60b9645c15633efc7b830b61e1f80368fd33931c70a0135036658b2838e198e2",
    "https://deno.land/x/discord_api_types@0.33.0/payloads/v8/_interactions/_applicationCommands/_chatInput/shared.ts": "86f894363f52425f683d4448470344659fc6240729a3e3ab291d78253fafb93c",
    "https://deno.land/x/discord_api_types@0.33.0/payloads/v8/_interactions/_applicationCommands/_chatInput/string.ts": "7c7bdf366bb54fba96b30fd01e8a55e3f44147a2d6484a2381b377654e35aca6",
    "https://deno.land/x/discord_api_types@0.33.0/payloads/v8/_interactions/_applicationCommands/_chatInput/subcommand.ts": "b85bd154bdc89832638072d01be1db2af7a2fb8405765c3d8908a42827b5855d",
    "https://deno.land/x/discord_api_types@0.33.0/payloads/v8/_interactions/_applicationCommands/_chatInput/subcommandGroup.ts": "479ee1129bc70b570b5fc6d86796b0413ed32e11b0f6bae04a9a4abb332d358d",
    "https://deno.land/x/discord_api_types@0.33.0/payloads/v8/_interactions/_applicationCommands/_chatInput/user.ts": "107b13eec363d02d54aa92679996c11a84529d6991ce3b1e07737e30627524b8",
    "https://deno.land/x/discord_api_types@0.33.0/payloads/v8/_interactions/_applicationCommands/chatInput.ts": "a8e6086a1465d68667971d5eb8191beb6cd7f266f4738d522a4d92bcaf8f2798",
    "https://deno.land/x/discord_api_types@0.33.0/payloads/v8/_interactions/_applicationCommands/contextMenu.ts": "010222aa3f145631dd482f7223881b6920540f7a59cba3b5f4e2dd19f50565c3",
    "https://deno.land/x/discord_api_types@0.33.0/payloads/v8/_interactions/_applicationCommands/internals.ts": "d32d900e34ff03ca674d2754b3afd416abdba03632ef9606885b3fa36b8b6635",
    "https://deno.land/x/discord_api_types@0.33.0/payloads/v8/_interactions/_applicationCommands/permissions.ts": "977af830398d6b204478addb3c477d6b04242040f6140f4bb365d7b149a6bb92",
    "https://deno.land/x/discord_api_types@0.33.0/payloads/v8/_interactions/applicationCommands.ts": "9dbd86068f7761fede09e7fd93b4cad8ec147a4e12c029e14fb0f03dc8676326",
    "https://deno.land/x/discord_api_types@0.33.0/payloads/v8/_interactions/autocomplete.ts": "1a1b9a9c361147417263adc30df63da5dbcbbc91297f3ec2857f08b951b592f9",
    "https://deno.land/x/discord_api_types@0.33.0/payloads/v8/_interactions/base.ts": "a4d8e6022f27bc632ba0b1a955e0fa2c874e18c365a23b6dbc2578c67ab75ec7",
    "https://deno.land/x/discord_api_types@0.33.0/payloads/v8/_interactions/messageComponents.ts": "b629ff8f7185e9ce52a4338daad2445a6a6923413cdc9061e137b02ca49eebfc",
    "https://deno.land/x/discord_api_types@0.33.0/payloads/v8/_interactions/modalSubmit.ts": "e2f9fe8d1f86d0588fbbf0f413d850dc0ac3049402bd6dc987f8e95957457890",
    "https://deno.land/x/discord_api_types@0.33.0/payloads/v8/_interactions/ping.ts": "81d7ee50b0c4cdcf9354d26e9516b91ae4ba5ac3a1ef69af465c6a3b03a299f7",
    "https://deno.land/x/discord_api_types@0.33.0/payloads/v8/_interactions/responses.ts": "d81099bb97db6216dbea763d217f75f1b35d8271465eaf208b257048c6a0e420",
    "https://deno.land/x/discord_api_types@0.33.0/payloads/v8/application.ts": "57cb786f6d5a39648a907a25a46e439bd929d82eafa17a683eb1e4f88a41f4e3",
    "https://deno.land/x/discord_api_types@0.33.0/payloads/v8/auditLog.ts": "fa6c939387651c39436d45e3391be782e979a829863080669f2700addbfebb33",
    "https://deno.land/x/discord_api_types@0.33.0/payloads/v8/channel.ts": "6a2eccc47d71b8b52ef31c4ec1a8abae7ca83a61cb755693a7bea7de4a270725",
    "https://deno.land/x/discord_api_types@0.33.0/payloads/v8/emoji.ts": "1c6e3f689d8240a9b8ea981e7cadfb26753dff0d827f6a5b8652e43728757a6d",
    "https://deno.land/x/discord_api_types@0.33.0/payloads/v8/gateway.ts": "0d71597f3f8427290d4de98c858272936154dbb8933e39bd128de2c8c6622194",
    "https://deno.land/x/discord_api_types@0.33.0/payloads/v8/guild.ts": "ec7492027abf88081f5311b27132192ae471bcf8b613bd62a99cb998e7968c7a",
    "https://deno.land/x/discord_api_types@0.33.0/payloads/v8/guildScheduledEvent.ts": "860c23e6c2c5dbd85c005cbf9a737c3cade91e7db896c72bf22a02c63863a3d5",
    "https://deno.land/x/discord_api_types@0.33.0/payloads/v8/interactions.ts": "623038921dd3f263027287cadb416359211301e0bac5ac24f39a0511041a5c8d",
    "https://deno.land/x/discord_api_types@0.33.0/payloads/v8/invite.ts": "fe1b833ed68955eaa9f69a36bf68556e7e304fe45d71b51d24083fbc9054d901",
    "https://deno.land/x/discord_api_types@0.33.0/payloads/v8/mod.ts": "8374ebf69cfea2b78c1b52985898d9f5a36b08c6b1286a2f888fcadfb5afdf88",
    "https://deno.land/x/discord_api_types@0.33.0/payloads/v8/oauth2.ts": "084b264112ba7447e460b99d3599a82a3cdc8a606bdb683b5c0f242eb7203c01",
    "https://deno.land/x/discord_api_types@0.33.0/payloads/v8/permissions.ts": "264df2d23ff5199ae994b8ab4615f32f665964817a5a01d13e490448c193eed5",
    "https://deno.land/x/discord_api_types@0.33.0/payloads/v8/stageInstance.ts": "9c70684da64e0317148b2d1384d16769e5f9d684fce4b9ffca973bbed5bba77b",
    "https://deno.land/x/discord_api_types@0.33.0/payloads/v8/sticker.ts": "eded25642ff1380e4f56e8641b937139b50688e3455e5a33366462a57034f9aa",
    "https://deno.land/x/discord_api_types@0.33.0/payloads/v8/teams.ts": "4292be483b27cbae9b98ba95c4c4d1b05a7980f92f4536bc2087305d8e71ebe4",
    "https://deno.land/x/discord_api_types@0.33.0/payloads/v8/template.ts": "83b0726b86b56e1ad7933338030ef5a3c205e9d7af39d6efaae24ec16f1bb132",
    "https://deno.land/x/discord_api_types@0.33.0/payloads/v8/user.ts": "16fd9a96e57dd458c2cb00a7ffbc27e2531417f2d69b120a92d4d89e59f89964",
    "https://deno.land/x/discord_api_types@0.33.0/payloads/v8/voice.ts": "f8d8a10de66c1bde68125caf68471961d08d9bdfd909eeebf9e8089822fed2ab",
    "https://deno.land/x/discord_api_types@0.33.0/payloads/v8/webhook.ts": "c41f82580afa450cf3e46465facd7192ba1b63c0e7416fffd9cd0e6f122f06a6",
    "https://deno.land/x/discord_api_types@0.33.0/rest/common.ts": "4280c0560cc10b6859d4e56d6f0dbf4ead23ffaba9eab25d9619113df0c18c59",
    "https://deno.land/x/discord_api_types@0.33.0/rest/v10/auditLog.ts": "f511228f8fe0e328b6cfeb2b8d86ebe68ae4a4109f112e19fa8c82cbe8bcec31",
    "https://deno.land/x/discord_api_types@0.33.0/rest/v10/channel.ts": "d66c1324e56b9c3c749ffcfba920df1ae9b7c72d24fee17202f73e39e139ca12",
    "https://deno.land/x/discord_api_types@0.33.0/rest/v10/emoji.ts": "9d65888766d4af965a0dd38ce737dfb2ac51cd627ab34074192ccfc5d357b017",
    "https://deno.land/x/discord_api_types@0.33.0/rest/v10/gateway.ts": "747cb95c9a8bca4e52423c780d5fc492fb0dab2b6015cd7e51e890e8d51acf29",
    "https://deno.land/x/discord_api_types@0.33.0/rest/v10/guild.ts": "b5b7f4dfd29ba974c6fb7d887bf46189c8ff56b19f3a5e0458c253801d4f7fac",
    "https://deno.land/x/discord_api_types@0.33.0/rest/v10/guildScheduledEvent.ts": "46117d3a7c7a1ae6222f229f7aea55627cd010c47ccb3faca58b554a9a273c0d",
    "https://deno.land/x/discord_api_types@0.33.0/rest/v10/interactions.ts": "30e747384254a3d466f9c86a7583b8eb50150395ff704492ac12a98fd7d85f56",
    "https://deno.land/x/discord_api_types@0.33.0/rest/v10/invite.ts": "28f8e740bdaa782c9d9d504049323762b5c1180348019dc5f9e0a900ec11213e",
    "https://deno.land/x/discord_api_types@0.33.0/rest/v10/mod.ts": "d2a6c3c09db9eb7174dfae2e52a1e46c1713d1a000bc0d281219a0dedddc0bfb",
    "https://deno.land/x/discord_api_types@0.33.0/rest/v10/oauth2.ts": "b659a35654c17767480d142c46c36f5fe2544346875745e3f654c5e7c3d9f3f9",
    "https://deno.land/x/discord_api_types@0.33.0/rest/v10/stageInstance.ts": "08cdb9ed3fbd461d808ba44785e187decc2971346ae080996b7606e4981ff151",
    "https://deno.land/x/discord_api_types@0.33.0/rest/v10/sticker.ts": "223ffed9031d8298594de8b81607745a5cb86ef51c3566c6fd1eb80a24eb66ea",
    "https://deno.land/x/discord_api_types@0.33.0/rest/v10/template.ts": "aa03abe664c27bc24dabb04625059967931c2cd1837d2dbae7c1f4f17b9327fe",
    "https://deno.land/x/discord_api_types@0.33.0/rest/v10/user.ts": "1ffed396f041e606ccfc989f81b7115dcd92f0d75aa388d071667d90a15b173f",
    "https://deno.land/x/discord_api_types@0.33.0/rest/v10/voice.ts": "1242c06e076065999812858ee921c0cd1aa358144fa6a4d616fe24a9f625173c",
    "https://deno.land/x/discord_api_types@0.33.0/rest/v10/webhook.ts": "3181eb3c91bed0fb9e40d3073dce16ce4c858e2ba6505a6920567b8c276b4a8d",
    "https://deno.land/x/discord_api_types@0.33.0/rest/v8/auditLog.ts": "a8e3108cbb0d9e53371995e612fa607cc946b1ddccdbe4913d893f51944fbcbb",
    "https://deno.land/x/discord_api_types@0.33.0/rest/v8/channel.ts": "0048d1b1edbed18e0df50ac662ff3ad8cd4a59e9f770e588ac45c4a3cbeab4bb",
    "https://deno.land/x/discord_api_types@0.33.0/rest/v8/emoji.ts": "3c23b47214fe7db1a4a330c296d608efeeef4f746ba0b7a07205aa8aa18588d2",
    "https://deno.land/x/discord_api_types@0.33.0/rest/v8/gateway.ts": "b4abba6e1bdd7f4422b1f33beaf696ed6d4cb308b9525e8717e37d14848c897e",
    "https://deno.land/x/discord_api_types@0.33.0/rest/v8/guild.ts": "ad4432b0fadc50ec9f9c37234e2470e214be4586d0b9cb63e1d42694fe548ec0",
    "https://deno.land/x/discord_api_types@0.33.0/rest/v8/guildScheduledEvent.ts": "75c5eebe784a1dff935ecf3ec563a623c4c5bf94b500205d409766fe369ebc93",
    "https://deno.land/x/discord_api_types@0.33.0/rest/v8/interactions.ts": "91817659b1d2f11e0f02deaba17fb15f92e9321c43e103c04978d1eae730cf98",
    "https://deno.land/x/discord_api_types@0.33.0/rest/v8/invite.ts": "1b67ac3b6d0523f76d6a48810b55b5324896e09a52ec8e71ffbae727779b8fe9",
    "https://deno.land/x/discord_api_types@0.33.0/rest/v8/mod.ts": "c20e2520fcf2283286b156d464401206ce9d2309988fab2e2e8dec8327648ba9",
    "https://deno.land/x/discord_api_types@0.33.0/rest/v8/oauth2.ts": "0efb66ee6d1c8b7e124e2cd699416073784ede75f349e5e6d05483c33f751d47",
    "https://deno.land/x/discord_api_types@0.33.0/rest/v8/stageInstance.ts": "1863be5a46ff668fd76a0979fa6cd8dd6e535767cc412fa2ec12dccdf97bb4b0",
    "https://deno.land/x/discord_api_types@0.33.0/rest/v8/sticker.ts": "e9be69d71471e970a377906c6aed45c1dc493b550b91b40f56283f06dda17892",
    "https://deno.land/x/discord_api_types@0.33.0/rest/v8/template.ts": "df637037c070e49deec3dfc9ff8ae8d731e1a18bc64b139117c9665a7d88cc4f",
    "https://deno.land/x/discord_api_types@0.33.0/rest/v8/user.ts": "e1352b05e948b7cf16b8fe31db22ae5437c2bd26df704192b8532919d4eb459f",
    "https://deno.land/x/discord_api_types@0.33.0/rest/v8/voice.ts": "16c744bb7cf92fbb9e28b12b8d282154790bf3bd183b7f1ffe84f92a1ec03e4f",
    "https://deno.land/x/discord_api_types@0.33.0/rest/v8/webhook.ts": "ae23d7d2470785409e7adeaeefa0e0560d80065d22acff9d88e81fc9cdc1a7d7",
    "https://deno.land/x/discord_api_types@0.33.0/rpc/common.ts": "cfacc7fab245a5a7e641479be9fc213ae57ce4095a08122a82b3b227d907f4c2",
    "https://deno.land/x/discord_api_types@0.33.0/rpc/v10.ts": "fbaad9f3d73fce88e76b0e52ad5345093f18077e4293937c9ec0ee24415b9a93",
    "https://deno.land/x/discord_api_types@0.33.0/rpc/v8.ts": "fbaad9f3d73fce88e76b0e52ad5345093f18077e4293937c9ec0ee24415b9a93",
    "https://deno.land/x/discord_api_types@0.33.0/utils/internals.ts": "bec8963ce9893b71f6bb6716651de9cd6e0b2b66b1c34d60f1b87dd6a3c7ca5b",
    "https://deno.land/x/discord_api_types@0.33.0/utils/v10.ts": "2496692ffd2aba4eea211b98d6d25189034228bac41ef4745ca0892be818066f",
    "https://deno.land/x/discord_api_types@0.33.0/utils/v8.ts": "4ac80e7c115dcd7ac27ceb1ba2b471cee730c665b613e5bdf87ce3cd7ecbdc24",
    "https://deno.land/x/discord_api_types@0.33.0/v10.ts": "f3f23492c59e77859aba5b34431edf3668c37f722d7f70c2e1ef7ba4bcda3010",
    "https://deno.land/x/discord_api_types@0.33.0/v8.ts": "227d31ce7f3a73538e06c0a886673669d79e08c976596d97a056bcec831f7893",
    "https://raw.githubusercontent.com/denoland/deno/v1.26/ext/fetch/lib.deno_fetch.d.ts": "bfb31d6a1ef9da10c6d6cdcec48dfbc918560bb8622a733006683a3d2a0defda"
  }
}